
Microsoft Visual Studio Solution File, Format Version 12.00
# Visual Studio 15
VisualStudioVersion = 15.0.28307.572
MinimumVisualStudioVersion = 10.0.40219.1
Project("{FAE04EC0-301F-11D3-BF4B-00C04F79EFBC}") = "Pencil Durability Kata", "Pencil Durability Kata\Pencil Durability Kata.csproj", "{3F19FAE9-090C-4D94-9347-AD146A8B765C}"
EndProject
Global
	GlobalSection(SolutionConfigurationPlatforms) = preSolution
		Debug|Any CPU = Debug|Any CPU
		Release|Any CPU = Release|Any CPU
	EndGlobalSection
	GlobalSection(ProjectConfigurationPlatforms) = postSolution
		{3F19FAE9-090C-4D94-9347-AD146A8B765C}.Debug|Any CPU.ActiveCfg = Debug|Any CPU
		{3F19FAE9-090C-4D94-9347-AD146A8B765C}.Debug|Any CPU.Build.0 = Debug|Any CPU
		{3F19FAE9-090C-4D94-9347-AD146A8B765C}.Release|Any CPU.ActiveCfg = Release|Any CPU
		{3F19FAE9-090C-4D94-9347-AD146A8B765C}.Release|Any CPU.Build.0 = Release|Any CPU
	EndGlobalSection
	GlobalSection(SolutionProperties) = preSolution
		HideSolutionNode = FALSE
	EndGlobalSection
	GlobalSection(ExtensibilityGlobals) = postSolution
		SolutionGuid = {7E2065A6-DDB7-4411-90ED-DD7EEE3EE157}
	EndGlobalSection
EndGlobal
